
Microsoft Visual Studio Solution File, Format Version 12.00
# Visual Studio Version 17
VisualStudioVersion = 17.5.33530.505
MinimumVisualStudioVersion = 10.0.40219.1
Project("{FAE04EC0-301F-11D3-BF4B-00C04F79EFBC}") = "MyFirstConsoleApplication", "MyFirstConsoleApplication.csproj", "{EAE7C1A1-AB9E-4A1A-BB91-87B9B85FE074}"
EndProject
Global
	GlobalSection(SolutionConfigurationPlatforms) = preSolution
		Debug|Any CPU = Debug|Any CPU
		Release|Any CPU = Release|Any CPU
	EndGlobalSection
	GlobalSection(ProjectConfigurationPlatforms) = postSolution
		{EAE7C1A1-AB9E-4A1A-BB91-87B9B85FE074}.Debug|Any CPU.ActiveCfg = Debug|Any CPU
		{EAE7C1A1-AB9E-4A1A-BB91-87B9B85FE074}.Debug|Any CPU.Build.0 = Debug|Any CPU
		{EAE7C1A1-AB9E-4A1A-BB91-87B9B85FE074}.Release|Any CPU.ActiveCfg = Release|Any CPU
		{EAE7C1A1-AB9E-4A1A-BB91-87B9B85FE074}.Release|Any CPU.Build.0 = Release|Any CPU
	EndGlobalSection
	GlobalSection(SolutionProperties) = preSolution
		HideSolutionNode = FALSE
	EndGlobalSection
	GlobalSection(ExtensibilityGlobals) = postSolution
		SolutionGuid = {CA4721E4-490A-4655-9B06-C0028111BFA4}
	EndGlobalSection
EndGlobal
